
Microsoft Visual Studio Solution File, Format Version 12.00
# Visual Studio Version 16
VisualStudioVersion = 16.0.32802.440
MinimumVisualStudioVersion = 10.0.40219.1
Project("{FAE04EC0-301F-11D3-BF4B-00C04F79EFBC}") = "arduino_test", "arduino_test\arduino_test.csproj", "{83A6FE8B-839B-4B3F-8B95-F4EFB366E681}"
EndProject
Global
	GlobalSection(SolutionConfigurationPlatforms) = preSolution
		Debug|Any CPU = Debug|Any CPU
		Release|Any CPU = Release|Any CPU
	EndGlobalSection
	GlobalSection(ProjectConfigurationPlatforms) = postSolution
		{83A6FE8B-839B-4B3F-8B95-F4EFB366E681}.Debug|Any CPU.ActiveCfg = Debug|Any CPU
		{83A6FE8B-839B-4B3F-8B95-F4EFB366E681}.Debug|Any CPU.Build.0 = Debug|Any CPU
		{83A6FE8B-839B-4B3F-8B95-F4EFB366E681}.Release|Any CPU.ActiveCfg = Release|Any CPU
		{83A6FE8B-839B-4B3F-8B95-F4EFB366E681}.Release|Any CPU.Build.0 = Release|Any CPU
	EndGlobalSection
	GlobalSection(SolutionProperties) = preSolution
		HideSolutionNode = FALSE
	EndGlobalSection
	GlobalSection(ExtensibilityGlobals) = postSolution
		SolutionGuid = {069E6FF2-30F5-448A-996C-0AFBC5FFBD83}
	EndGlobalSection
EndGlobal
