
Microsoft Visual Studio Solution File, Format Version 12.00
# Visual Studio Version 16
VisualStudioVersion = 16.0.32802.440
MinimumVisualStudioVersion = 10.0.40219.1
Project("{FAE04EC0-301F-11D3-BF4B-00C04F79EFBC}") = "udp_winform", "udp_winform\udp_winform.csproj", "{81219B0B-43E5-4761-BD7F-A01642A44778}"
EndProject
Global
	GlobalSection(SolutionConfigurationPlatforms) = preSolution
		Debug|Any CPU = Debug|Any CPU
		Release|Any CPU = Release|Any CPU
	EndGlobalSection
	GlobalSection(ProjectConfigurationPlatforms) = postSolution
		{81219B0B-43E5-4761-BD7F-A01642A44778}.Debug|Any CPU.ActiveCfg = Debug|Any CPU
		{81219B0B-43E5-4761-BD7F-A01642A44778}.Debug|Any CPU.Build.0 = Debug|Any CPU
		{81219B0B-43E5-4761-BD7F-A01642A44778}.Release|Any CPU.ActiveCfg = Release|Any CPU
		{81219B0B-43E5-4761-BD7F-A01642A44778}.Release|Any CPU.Build.0 = Release|Any CPU
	EndGlobalSection
	GlobalSection(SolutionProperties) = preSolution
		HideSolutionNode = FALSE
	EndGlobalSection
	GlobalSection(ExtensibilityGlobals) = postSolution
		SolutionGuid = {BB6F8497-E578-413C-888F-17AD93CF8EAA}
	EndGlobalSection
EndGlobal
